
Microsoft Visual Studio Solution File, Format Version 12.00
# Visual Studio 15
VisualStudioVersion = 15.0.27703.2047
MinimumVisualStudioVersion = 10.0.40219.1
Project("{FAE04EC0-301F-11D3-BF4B-00C04F79EFBC}") = "CronHosts", "CronHosts\CronHosts.csproj", "{6F0CDADB-B11F-411C-8E96-BC709D3F9013}"
EndProject
Project("{FAE04EC0-301F-11D3-BF4B-00C04F79EFBC}") = "CronHosts.Tests", "CronHosts.Tests\CronHosts.Tests.csproj", "{8315BDD1-427D-47DE-A71E-D32B6989F6DA}"
EndProject
Global
	GlobalSection(SolutionConfigurationPlatforms) = preSolution
		Debug|Any CPU = Debug|Any CPU
		Release|Any CPU = Release|Any CPU
	EndGlobalSection
	GlobalSection(ProjectConfigurationPlatforms) = postSolution
		{6F0CDADB-B11F-411C-8E96-BC709D3F9013}.Debug|Any CPU.ActiveCfg = Debug|Any CPU
		{6F0CDADB-B11F-411C-8E96-BC709D3F9013}.Debug|Any CPU.Build.0 = Debug|Any CPU
		{6F0CDADB-B11F-411C-8E96-BC709D3F9013}.Release|Any CPU.ActiveCfg = Release|Any CPU
		{6F0CDADB-B11F-411C-8E96-BC709D3F9013}.Release|Any CPU.Build.0 = Release|Any CPU
		{8315BDD1-427D-47DE-A71E-D32B6989F6DA}.Debug|Any CPU.ActiveCfg = Debug|Any CPU
		{8315BDD1-427D-47DE-A71E-D32B6989F6DA}.Debug|Any CPU.Build.0 = Debug|Any CPU
		{8315BDD1-427D-47DE-A71E-D32B6989F6DA}.Release|Any CPU.ActiveCfg = Release|Any CPU
		{8315BDD1-427D-47DE-A71E-D32B6989F6DA}.Release|Any CPU.Build.0 = Release|Any CPU
	EndGlobalSection
	GlobalSection(SolutionProperties) = preSolution
		HideSolutionNode = FALSE
	EndGlobalSection
	GlobalSection(ExtensibilityGlobals) = postSolution
		SolutionGuid = {8A9119E4-EA14-495E-9CD6-B33987A95DAC}
	EndGlobalSection
EndGlobal
